<Solution>
  <Configurations>
    <BuildType Name="Debug" />
  </Configurations>
  <Project Path="_repo/_repo.csproj" />
  <Project Path="Client/Client.csproj" />
  <Project Path="Contracts/Contracts.csproj" />
  <Project Path="IntTests/IntTests.csproj" />
  <Project Path="number-sequence/number-sequence.csproj" />
  <Project Path="Tool/Tool.csproj" />
  <Project Path="UnitTests/UnitTests.csproj" />
</Solution>
