
Microsoft Visual Studio Solution File, Format Version 12.00
# Visual Studio Version 17
VisualStudioVersion = 17.0.31912.275
MinimumVisualStudioVersion = 10.0.40219.1
Project("{9A19103F-16F7-4668-BE54-9A1E7A4F7556}") = "number-sequence", "number-sequence\number-sequence.csproj", "{030D6D09-E439-41FC-AA7F-5A49D4086709}"
EndProject
Project("{9A19103F-16F7-4668-BE54-9A1E7A4F7556}") = "Contracts", "Contracts\Contracts.csproj", "{12B13818-14C7-4FFE-8E46-D3512861B8B2}"
EndProject
Project("{9A19103F-16F7-4668-BE54-9A1E7A4F7556}") = "Client", "Client\Client.csproj", "{C9448C0C-3AF4-4623-BF5D-6816A6988D55}"
EndProject
Project("{9A19103F-16F7-4668-BE54-9A1E7A4F7556}") = "IntTests", "IntTests\IntTests.csproj", "{0412061E-23FA-49A6-B059-C0AFEB67EA08}"
EndProject
Project("{2150E333-8FDC-42A3-9474-1A3956D46DE8}") = "Solution Items", "Solution Items", "{0C4AD5D0-A0F5-4997-A9BD-E9FF5FD31347}"
	ProjectSection(SolutionItems) = preProject
		..\.editorConfig = ..\.editorConfig
		..\devinit.ps1 = ..\devinit.ps1
		Directory.Build.props = Directory.Build.props
		..\GitVersion.yml = ..\GitVersion.yml
		..\README.md = ..\README.md
	EndProjectSection
EndProject
Project("{9A19103F-16F7-4668-BE54-9A1E7A4F7556}") = "_deployment", "_deployment\_deployment.csproj", "{B3498151-D4C2-4491-AAC8-67B11D3FB3E3}"
EndProject
Project("{9A19103F-16F7-4668-BE54-9A1E7A4F7556}") = "_build", "_build\_build.csproj", "{1A55A48A-F742-4281-A315-5EA2072BEC77}"
EndProject
Project("{9A19103F-16F7-4668-BE54-9A1E7A4F7556}") = "Tool", "Tool\Tool.csproj", "{691CFBD1-81B2-42B6-B2E3-D1FBD3CD4B55}"
EndProject
Project("{9A19103F-16F7-4668-BE54-9A1E7A4F7556}") = "UnitTests", "UnitTests\UnitTests.csproj", "{150DCD4F-BD80-40D0-8275-E2FAAC81BBD2}"
EndProject
Global
	GlobalSection(SolutionConfigurationPlatforms) = preSolution
		Debug|Any CPU = Debug|Any CPU
		Release|Any CPU = Release|Any CPU
	EndGlobalSection
	GlobalSection(ProjectConfigurationPlatforms) = postSolution
		{030D6D09-E439-41FC-AA7F-5A49D4086709}.Debug|Any CPU.ActiveCfg = Debug|Any CPU
		{030D6D09-E439-41FC-AA7F-5A49D4086709}.Debug|Any CPU.Build.0 = Debug|Any CPU
		{030D6D09-E439-41FC-AA7F-5A49D4086709}.Release|Any CPU.ActiveCfg = Release|Any CPU
		{030D6D09-E439-41FC-AA7F-5A49D4086709}.Release|Any CPU.Build.0 = Release|Any CPU
		{12B13818-14C7-4FFE-8E46-D3512861B8B2}.Debug|Any CPU.ActiveCfg = Debug|Any CPU
		{12B13818-14C7-4FFE-8E46-D3512861B8B2}.Debug|Any CPU.Build.0 = Debug|Any CPU
		{12B13818-14C7-4FFE-8E46-D3512861B8B2}.Release|Any CPU.ActiveCfg = Release|Any CPU
		{12B13818-14C7-4FFE-8E46-D3512861B8B2}.Release|Any CPU.Build.0 = Release|Any CPU
		{C9448C0C-3AF4-4623-BF5D-6816A6988D55}.Debug|Any CPU.ActiveCfg = Debug|Any CPU
		{C9448C0C-3AF4-4623-BF5D-6816A6988D55}.Debug|Any CPU.Build.0 = Debug|Any CPU
		{C9448C0C-3AF4-4623-BF5D-6816A6988D55}.Release|Any CPU.ActiveCfg = Release|Any CPU
		{C9448C0C-3AF4-4623-BF5D-6816A6988D55}.Release|Any CPU.Build.0 = Release|Any CPU
		{0412061E-23FA-49A6-B059-C0AFEB67EA08}.Debug|Any CPU.ActiveCfg = Debug|Any CPU
		{0412061E-23FA-49A6-B059-C0AFEB67EA08}.Debug|Any CPU.Build.0 = Debug|Any CPU
		{0412061E-23FA-49A6-B059-C0AFEB67EA08}.Release|Any CPU.ActiveCfg = Release|Any CPU
		{0412061E-23FA-49A6-B059-C0AFEB67EA08}.Release|Any CPU.Build.0 = Release|Any CPU
		{B3498151-D4C2-4491-AAC8-67B11D3FB3E3}.Debug|Any CPU.ActiveCfg = Debug|Any CPU
		{B3498151-D4C2-4491-AAC8-67B11D3FB3E3}.Debug|Any CPU.Build.0 = Debug|Any CPU
		{B3498151-D4C2-4491-AAC8-67B11D3FB3E3}.Release|Any CPU.ActiveCfg = Release|Any CPU
		{B3498151-D4C2-4491-AAC8-67B11D3FB3E3}.Release|Any CPU.Build.0 = Release|Any CPU
		{1A55A48A-F742-4281-A315-5EA2072BEC77}.Debug|Any CPU.ActiveCfg = Debug|Any CPU
		{1A55A48A-F742-4281-A315-5EA2072BEC77}.Debug|Any CPU.Build.0 = Debug|Any CPU
		{1A55A48A-F742-4281-A315-5EA2072BEC77}.Release|Any CPU.ActiveCfg = Release|Any CPU
		{1A55A48A-F742-4281-A315-5EA2072BEC77}.Release|Any CPU.Build.0 = Release|Any CPU
		{691CFBD1-81B2-42B6-B2E3-D1FBD3CD4B55}.Debug|Any CPU.ActiveCfg = Debug|Any CPU
		{691CFBD1-81B2-42B6-B2E3-D1FBD3CD4B55}.Debug|Any CPU.Build.0 = Debug|Any CPU
		{691CFBD1-81B2-42B6-B2E3-D1FBD3CD4B55}.Release|Any CPU.ActiveCfg = Release|Any CPU
		{691CFBD1-81B2-42B6-B2E3-D1FBD3CD4B55}.Release|Any CPU.Build.0 = Release|Any CPU
		{150DCD4F-BD80-40D0-8275-E2FAAC81BBD2}.Debug|Any CPU.ActiveCfg = Debug|Any CPU
		{150DCD4F-BD80-40D0-8275-E2FAAC81BBD2}.Debug|Any CPU.Build.0 = Debug|Any CPU
		{150DCD4F-BD80-40D0-8275-E2FAAC81BBD2}.Release|Any CPU.ActiveCfg = Release|Any CPU
		{150DCD4F-BD80-40D0-8275-E2FAAC81BBD2}.Release|Any CPU.Build.0 = Release|Any CPU
	EndGlobalSection
	GlobalSection(SolutionProperties) = preSolution
		HideSolutionNode = FALSE
	EndGlobalSection
	GlobalSection(ExtensibilityGlobals) = postSolution
		SolutionGuid = {DED5E358-0D1E-4F70-9EFE-38964D01AFD5}
	EndGlobalSection
EndGlobal
